{
  "name": "ts-basics",
  "version": "1.0.0",
  "lockfileVersion": 2,
  "requires": true,
  "packages": {
    "": {
      "name": "ts-basics",
      "version": "1.0.0",
      "license": "ISC",
      "dependencies": {
        "core-js": "^3.27.2"
      },
      "devDependencies": {
        "typescript": "^4.9.5"
      }
    },
    "node_modules/core-js": {
      "version": "3.27.2",
      "resolved": "https://registry.npmjs.org/core-js/-/core-js-3.27.2.tgz",
      "integrity": "sha512-9ashVQskuh5AZEZ1JdQWp1GqSoC1e1G87MzRqg2gIfVAQ7Qn9K+uFj8EcniUFA4P2NLZfV+TOlX1SzoKfo+s7w==",
      "hasInstallScript": true,
      "funding": {
        "type": "opencollective",
        "url": "https://opencollective.com/core-js"
      }
    },
    "node_modules/typescript": {
      "version": "4.9.5",
      "resolved": "https://registry.npmjs.org/typescript/-/typescript-4.9.5.tgz",
      "integrity": "sha512-1FXk9E2Hm+QzZQ7z+McJiHL4NW1F2EzMu9Nq9i3zAaGqibafqYwCVU6WyWAuyQRRzOlxou8xZSyXLEN8oKj24g==",
      "dev": true,
      "bin": {
        "tsc": "bin/tsc",
        "tsserver": "bin/tsserver"
      },
      "engines": {
        "node": ">=4.2.0"
      }
    }
  },
  "dependencies": {
    "core-js": {
      "version": "3.27.2",
      "resolved": "https://registry.npmjs.org/core-js/-/core-js-3.27.2.tgz",
      "integrity": "sha512-9ashVQskuh5AZEZ1JdQWp1GqSoC1e1G87MzRqg2gIfVAQ7Qn9K+uFj8EcniUFA4P2NLZfV+TOlX1SzoKfo+s7w=="
    },
    "typescript": {
      "version": "4.9.5",
      "resolved": "https://registry.npmjs.org/typescript/-/typescript-4.9.5.tgz",
      "integrity": "sha512-1FXk9E2Hm+QzZQ7z+McJiHL4NW1F2EzMu9Nq9i3zAaGqibafqYwCVU6WyWAuyQRRzOlxou8xZSyXLEN8oKj24g==",
      "dev": true
    }
  }
}
